{
  "name": "rapidmixtest",
  "version": "1.0.0",
  "lockfileVersion": 1,
  "requires": true,
  "dependencies": {
    "rapidlib": {
      "version": "1.2.0",
      "resolved": "https://registry.npmjs.org/rapidlib/-/rapidlib-1.2.0.tgz",
      "integrity": "sha1-d7aTlUqgq/UxQV3v+gj2+r4Xq4U="
    }
  }
}
